
Microsoft Visual Studio Solution File, Format Version 11.00
# Visual Studio 2010
Project("{FAE04EC0-301F-11D3-BF4B-00C04F79EFBC}") = "PiRD_Splot", "PiRD_Splot\PiRD_Splot.csproj", "{8A62FCF4-D610-4D28-B2A3-F3EBE2A9B13B}"
EndProject
Global
	GlobalSection(SolutionConfigurationPlatforms) = preSolution
		Debug|x86 = Debug|x86
		Release|x86 = Release|x86
	EndGlobalSection
	GlobalSection(ProjectConfigurationPlatforms) = postSolution
		{8A62FCF4-D610-4D28-B2A3-F3EBE2A9B13B}.Debug|x86.ActiveCfg = Debug|x86
		{8A62FCF4-D610-4D28-B2A3-F3EBE2A9B13B}.Debug|x86.Build.0 = Debug|x86
		{8A62FCF4-D610-4D28-B2A3-F3EBE2A9B13B}.Release|x86.ActiveCfg = Release|x86
		{8A62FCF4-D610-4D28-B2A3-F3EBE2A9B13B}.Release|x86.Build.0 = Release|x86
	EndGlobalSection
	GlobalSection(SolutionProperties) = preSolution
		HideSolutionNode = FALSE
	EndGlobalSection
EndGlobal
